
Microsoft Visual Studio Solution File, Format Version 12.00
# Visual Studio 15
VisualStudioVersion = 15.0.26730.16
MinimumVisualStudioVersion = 10.0.40219.1
Project("{FAE04EC0-301F-11D3-BF4B-00C04F79EFBC}") = "Fibunacci", "Fibunacci\Fibunacci.csproj", "{FA1991C3-F224-473D-A309-9FC7DA11FB0C}"
EndProject
Global
	GlobalSection(SolutionConfigurationPlatforms) = preSolution
		Debug|Any CPU = Debug|Any CPU
		Release|Any CPU = Release|Any CPU
	EndGlobalSection
	GlobalSection(ProjectConfigurationPlatforms) = postSolution
		{FA1991C3-F224-473D-A309-9FC7DA11FB0C}.Debug|Any CPU.ActiveCfg = Debug|Any CPU
		{FA1991C3-F224-473D-A309-9FC7DA11FB0C}.Debug|Any CPU.Build.0 = Debug|Any CPU
		{FA1991C3-F224-473D-A309-9FC7DA11FB0C}.Release|Any CPU.ActiveCfg = Release|Any CPU
		{FA1991C3-F224-473D-A309-9FC7DA11FB0C}.Release|Any CPU.Build.0 = Release|Any CPU
	EndGlobalSection
	GlobalSection(SolutionProperties) = preSolution
		HideSolutionNode = FALSE
	EndGlobalSection
	GlobalSection(ExtensibilityGlobals) = postSolution
		SolutionGuid = {FF5450DB-BBC4-4183-BABB-D101B9D9CD5F}
	EndGlobalSection
EndGlobal
